
Microsoft Visual Studio Solution File, Format Version 12.00
# Visual Studio 15
VisualStudioVersion = 15.0.27004.2008
MinimumVisualStudioVersion = 10.0.40219.1
Project("{9A19103F-16F7-4668-BE54-9A1E7A4F7556}") = "MvcLocalUsers", "MvcLocalUsers\MvcLocalUsers.csproj", "{CC2CA951-08A2-4B81-AB20-E323309901EA}"
EndProject
Project("{9A19103F-16F7-4668-BE54-9A1E7A4F7556}") = "MvcCorporate", "MvcCorporate\MvcCorporate.csproj", "{E6352557-80F7-44C0-90B4-44321DCA27B5}"
EndProject
Project("{2150E333-8FDC-42A3-9474-1A3956D46DE8}") = "Solution Items", "Solution Items", "{FDDEEF44-CF3E-42F2-B2E3-B13D6FABF9E8}"
	ProjectSection(SolutionItems) = preProject
		global.json = global.json
	EndProjectSection
EndProject
Project("{FAE04EC0-301F-11D3-BF4B-00C04F79EFBC}") = "WpfCorporateAdal", "WpfCorporateAdal\WpfCorporateAdal.csproj", "{19193EF3-CDD8-46AD-9623-1CF864144B30}"
EndProject
Project("{9A19103F-16F7-4668-BE54-9A1E7A4F7556}") = "ApiAzure", "ApiAzure\ApiAzure.csproj", "{C7C1453D-668E-465F-973A-4D6F4A52181F}"
EndProject
Project("{9A19103F-16F7-4668-BE54-9A1E7A4F7556}") = "ApiIdSrv", "ApiIdSrv\ApiIdSrv.csproj", "{0DED504F-5E6F-400C-9EB1-E99A9B55D8B4}"
EndProject
Project("{2150E333-8FDC-42A3-9474-1A3956D46DE8}") = "3.-IdentityServer", "3.-IdentityServer", "{247EB8E9-6663-46FB-B03E-FB88DEE3E86F}"
EndProject
Project("{2150E333-8FDC-42A3-9474-1A3956D46DE8}") = "2.-AzureAD", "2.-AzureAD", "{397E9409-0B9E-48FF-9308-F6CEBBE2C7E3}"
EndProject
Project("{2150E333-8FDC-42A3-9474-1A3956D46DE8}") = "1.-Local", "1.-Local", "{B7F0B518-F261-45F6-B0F9-0C65C3B65A89}"
EndProject
Project("{9A19103F-16F7-4668-BE54-9A1E7A4F7556}") = "IdSrv.Host", "IdSrv.Host\IdSrv.Host.csproj", "{0D31F8CF-7754-4224-997A-8AFFBE3FE44B}"
EndProject
Project("{9A19103F-16F7-4668-BE54-9A1E7A4F7556}") = "MvcIdSrv", "MvcIdSrv\MvcIdSrv.csproj", "{1483551D-43E6-4998-94BA-637B61D255A0}"
EndProject
Project("{FAE04EC0-301F-11D3-BF4B-00C04F79EFBC}") = "WpfIdSrv", "WpfIdSrv\WpfIdSrv.csproj", "{FB6C002D-21C9-454B-86CB-96965EE33E21}"
EndProject
Project("{FAE04EC0-301F-11D3-BF4B-00C04F79EFBC}") = "UwpIdSrv", "UwpIdSrv\UwpIdSrv.csproj", "{04F55E2E-984E-49EA-90F9-B86102B73802}"
EndProject
Global
	GlobalSection(SolutionConfigurationPlatforms) = preSolution
		Debug|Any CPU = Debug|Any CPU
		Debug|ARM = Debug|ARM
		Debug|x64 = Debug|x64
		Debug|x86 = Debug|x86
		Release|Any CPU = Release|Any CPU
		Release|ARM = Release|ARM
		Release|x64 = Release|x64
		Release|x86 = Release|x86
	EndGlobalSection
	GlobalSection(ProjectConfigurationPlatforms) = postSolution
		{CC2CA951-08A2-4B81-AB20-E323309901EA}.Debug|Any CPU.ActiveCfg = Debug|Any CPU
		{CC2CA951-08A2-4B81-AB20-E323309901EA}.Debug|Any CPU.Build.0 = Debug|Any CPU
		{CC2CA951-08A2-4B81-AB20-E323309901EA}.Debug|ARM.ActiveCfg = Debug|Any CPU
		{CC2CA951-08A2-4B81-AB20-E323309901EA}.Debug|ARM.Build.0 = Debug|Any CPU
		{CC2CA951-08A2-4B81-AB20-E323309901EA}.Debug|x64.ActiveCfg = Debug|Any CPU
		{CC2CA951-08A2-4B81-AB20-E323309901EA}.Debug|x64.Build.0 = Debug|Any CPU
		{CC2CA951-08A2-4B81-AB20-E323309901EA}.Debug|x86.ActiveCfg = Debug|Any CPU
		{CC2CA951-08A2-4B81-AB20-E323309901EA}.Debug|x86.Build.0 = Debug|Any CPU
		{CC2CA951-08A2-4B81-AB20-E323309901EA}.Release|Any CPU.ActiveCfg = Release|Any CPU
		{CC2CA951-08A2-4B81-AB20-E323309901EA}.Release|Any CPU.Build.0 = Release|Any CPU
		{CC2CA951-08A2-4B81-AB20-E323309901EA}.Release|ARM.ActiveCfg = Release|Any CPU
		{CC2CA951-08A2-4B81-AB20-E323309901EA}.Release|ARM.Build.0 = Release|Any CPU
		{CC2CA951-08A2-4B81-AB20-E323309901EA}.Release|x64.ActiveCfg = Release|Any CPU
		{CC2CA951-08A2-4B81-AB20-E323309901EA}.Release|x64.Build.0 = Release|Any CPU
		{CC2CA951-08A2-4B81-AB20-E323309901EA}.Release|x86.ActiveCfg = Release|Any CPU
		{CC2CA951-08A2-4B81-AB20-E323309901EA}.Release|x86.Build.0 = Release|Any CPU
		{E6352557-80F7-44C0-90B4-44321DCA27B5}.Debug|Any CPU.ActiveCfg = Debug|Any CPU
		{E6352557-80F7-44C0-90B4-44321DCA27B5}.Debug|Any CPU.Build.0 = Debug|Any CPU
		{E6352557-80F7-44C0-90B4-44321DCA27B5}.Debug|ARM.ActiveCfg = Debug|Any CPU
		{E6352557-80F7-44C0-90B4-44321DCA27B5}.Debug|ARM.Build.0 = Debug|Any CPU
		{E6352557-80F7-44C0-90B4-44321DCA27B5}.Debug|x64.ActiveCfg = Debug|Any CPU
		{E6352557-80F7-44C0-90B4-44321DCA27B5}.Debug|x64.Build.0 = Debug|Any CPU
		{E6352557-80F7-44C0-90B4-44321DCA27B5}.Debug|x86.ActiveCfg = Debug|Any CPU
		{E6352557-80F7-44C0-90B4-44321DCA27B5}.Debug|x86.Build.0 = Debug|Any CPU
		{E6352557-80F7-44C0-90B4-44321DCA27B5}.Release|Any CPU.ActiveCfg = Release|Any CPU
		{E6352557-80F7-44C0-90B4-44321DCA27B5}.Release|Any CPU.Build.0 = Release|Any CPU
		{E6352557-80F7-44C0-90B4-44321DCA27B5}.Release|ARM.ActiveCfg = Release|Any CPU
		{E6352557-80F7-44C0-90B4-44321DCA27B5}.Release|ARM.Build.0 = Release|Any CPU
		{E6352557-80F7-44C0-90B4-44321DCA27B5}.Release|x64.ActiveCfg = Release|Any CPU
		{E6352557-80F7-44C0-90B4-44321DCA27B5}.Release|x64.Build.0 = Release|Any CPU
		{E6352557-80F7-44C0-90B4-44321DCA27B5}.Release|x86.ActiveCfg = Release|Any CPU
		{E6352557-80F7-44C0-90B4-44321DCA27B5}.Release|x86.Build.0 = Release|Any CPU
		{19193EF3-CDD8-46AD-9623-1CF864144B30}.Debug|Any CPU.ActiveCfg = Debug|Any CPU
		{19193EF3-CDD8-46AD-9623-1CF864144B30}.Debug|Any CPU.Build.0 = Debug|Any CPU
		{19193EF3-CDD8-46AD-9623-1CF864144B30}.Debug|ARM.ActiveCfg = Debug|Any CPU
		{19193EF3-CDD8-46AD-9623-1CF864144B30}.Debug|ARM.Build.0 = Debug|Any CPU
		{19193EF3-CDD8-46AD-9623-1CF864144B30}.Debug|x64.ActiveCfg = Debug|Any CPU
		{19193EF3-CDD8-46AD-9623-1CF864144B30}.Debug|x64.Build.0 = Debug|Any CPU
		{19193EF3-CDD8-46AD-9623-1CF864144B30}.Debug|x86.ActiveCfg = Debug|Any CPU
		{19193EF3-CDD8-46AD-9623-1CF864144B30}.Debug|x86.Build.0 = Debug|Any CPU
		{19193EF3-CDD8-46AD-9623-1CF864144B30}.Release|Any CPU.ActiveCfg = Release|Any CPU
		{19193EF3-CDD8-46AD-9623-1CF864144B30}.Release|Any CPU.Build.0 = Release|Any CPU
		{19193EF3-CDD8-46AD-9623-1CF864144B30}.Release|ARM.ActiveCfg = Release|Any CPU
		{19193EF3-CDD8-46AD-9623-1CF864144B30}.Release|ARM.Build.0 = Release|Any CPU
		{19193EF3-CDD8-46AD-9623-1CF864144B30}.Release|x64.ActiveCfg = Release|Any CPU
		{19193EF3-CDD8-46AD-9623-1CF864144B30}.Release|x64.Build.0 = Release|Any CPU
		{19193EF3-CDD8-46AD-9623-1CF864144B30}.Release|x86.ActiveCfg = Release|Any CPU
		{19193EF3-CDD8-46AD-9623-1CF864144B30}.Release|x86.Build.0 = Release|Any CPU
		{C7C1453D-668E-465F-973A-4D6F4A52181F}.Debug|Any CPU.ActiveCfg = Debug|Any CPU
		{C7C1453D-668E-465F-973A-4D6F4A52181F}.Debug|Any CPU.Build.0 = Debug|Any CPU
		{C7C1453D-668E-465F-973A-4D6F4A52181F}.Debug|ARM.ActiveCfg = Debug|Any CPU
		{C7C1453D-668E-465F-973A-4D6F4A52181F}.Debug|ARM.Build.0 = Debug|Any CPU
		{C7C1453D-668E-465F-973A-4D6F4A52181F}.Debug|x64.ActiveCfg = Debug|Any CPU
		{C7C1453D-668E-465F-973A-4D6F4A52181F}.Debug|x64.Build.0 = Debug|Any CPU
		{C7C1453D-668E-465F-973A-4D6F4A52181F}.Debug|x86.ActiveCfg = Debug|Any CPU
		{C7C1453D-668E-465F-973A-4D6F4A52181F}.Debug|x86.Build.0 = Debug|Any CPU
		{C7C1453D-668E-465F-973A-4D6F4A52181F}.Release|Any CPU.ActiveCfg = Release|Any CPU
		{C7C1453D-668E-465F-973A-4D6F4A52181F}.Release|Any CPU.Build.0 = Release|Any CPU
		{C7C1453D-668E-465F-973A-4D6F4A52181F}.Release|ARM.ActiveCfg = Release|Any CPU
		{C7C1453D-668E-465F-973A-4D6F4A52181F}.Release|ARM.Build.0 = Release|Any CPU
		{C7C1453D-668E-465F-973A-4D6F4A52181F}.Release|x64.ActiveCfg = Release|Any CPU
		{C7C1453D-668E-465F-973A-4D6F4A52181F}.Release|x64.Build.0 = Release|Any CPU
		{C7C1453D-668E-465F-973A-4D6F4A52181F}.Release|x86.ActiveCfg = Release|Any CPU
		{C7C1453D-668E-465F-973A-4D6F4A52181F}.Release|x86.Build.0 = Release|Any CPU
		{0DED504F-5E6F-400C-9EB1-E99A9B55D8B4}.Debug|Any CPU.ActiveCfg = Debug|Any CPU
		{0DED504F-5E6F-400C-9EB1-E99A9B55D8B4}.Debug|Any CPU.Build.0 = Debug|Any CPU
		{0DED504F-5E6F-400C-9EB1-E99A9B55D8B4}.Debug|ARM.ActiveCfg = Debug|Any CPU
		{0DED504F-5E6F-400C-9EB1-E99A9B55D8B4}.Debug|ARM.Build.0 = Debug|Any CPU
		{0DED504F-5E6F-400C-9EB1-E99A9B55D8B4}.Debug|x64.ActiveCfg = Debug|Any CPU
		{0DED504F-5E6F-400C-9EB1-E99A9B55D8B4}.Debug|x64.Build.0 = Debug|Any CPU
		{0DED504F-5E6F-400C-9EB1-E99A9B55D8B4}.Debug|x86.ActiveCfg = Debug|Any CPU
		{0DED504F-5E6F-400C-9EB1-E99A9B55D8B4}.Debug|x86.Build.0 = Debug|Any CPU
		{0DED504F-5E6F-400C-9EB1-E99A9B55D8B4}.Release|Any CPU.ActiveCfg = Release|Any CPU
		{0DED504F-5E6F-400C-9EB1-E99A9B55D8B4}.Release|Any CPU.Build.0 = Release|Any CPU
		{0DED504F-5E6F-400C-9EB1-E99A9B55D8B4}.Release|ARM.ActiveCfg = Release|Any CPU
		{0DED504F-5E6F-400C-9EB1-E99A9B55D8B4}.Release|ARM.Build.0 = Release|Any CPU
		{0DED504F-5E6F-400C-9EB1-E99A9B55D8B4}.Release|x64.ActiveCfg = Release|Any CPU
		{0DED504F-5E6F-400C-9EB1-E99A9B55D8B4}.Release|x64.Build.0 = Release|Any CPU
		{0DED504F-5E6F-400C-9EB1-E99A9B55D8B4}.Release|x86.ActiveCfg = Release|Any CPU
		{0DED504F-5E6F-400C-9EB1-E99A9B55D8B4}.Release|x86.Build.0 = Release|Any CPU
		{0D31F8CF-7754-4224-997A-8AFFBE3FE44B}.Debug|Any CPU.ActiveCfg = Debug|Any CPU
		{0D31F8CF-7754-4224-997A-8AFFBE3FE44B}.Debug|Any CPU.Build.0 = Debug|Any CPU
		{0D31F8CF-7754-4224-997A-8AFFBE3FE44B}.Debug|ARM.ActiveCfg = Debug|Any CPU
		{0D31F8CF-7754-4224-997A-8AFFBE3FE44B}.Debug|ARM.Build.0 = Debug|Any CPU
		{0D31F8CF-7754-4224-997A-8AFFBE3FE44B}.Debug|x64.ActiveCfg = Debug|Any CPU
		{0D31F8CF-7754-4224-997A-8AFFBE3FE44B}.Debug|x64.Build.0 = Debug|Any CPU
		{0D31F8CF-7754-4224-997A-8AFFBE3FE44B}.Debug|x86.ActiveCfg = Debug|Any CPU
		{0D31F8CF-7754-4224-997A-8AFFBE3FE44B}.Debug|x86.Build.0 = Debug|Any CPU
		{0D31F8CF-7754-4224-997A-8AFFBE3FE44B}.Release|Any CPU.ActiveCfg = Release|Any CPU
		{0D31F8CF-7754-4224-997A-8AFFBE3FE44B}.Release|Any CPU.Build.0 = Release|Any CPU
		{0D31F8CF-7754-4224-997A-8AFFBE3FE44B}.Release|ARM.ActiveCfg = Release|Any CPU
		{0D31F8CF-7754-4224-997A-8AFFBE3FE44B}.Release|ARM.Build.0 = Release|Any CPU
		{0D31F8CF-7754-4224-997A-8AFFBE3FE44B}.Release|x64.ActiveCfg = Release|Any CPU
		{0D31F8CF-7754-4224-997A-8AFFBE3FE44B}.Release|x64.Build.0 = Release|Any CPU
		{0D31F8CF-7754-4224-997A-8AFFBE3FE44B}.Release|x86.ActiveCfg = Release|Any CPU
		{0D31F8CF-7754-4224-997A-8AFFBE3FE44B}.Release|x86.Build.0 = Release|Any CPU
		{1483551D-43E6-4998-94BA-637B61D255A0}.Debug|Any CPU.ActiveCfg = Debug|Any CPU
		{1483551D-43E6-4998-94BA-637B61D255A0}.Debug|Any CPU.Build.0 = Debug|Any CPU
		{1483551D-43E6-4998-94BA-637B61D255A0}.Debug|ARM.ActiveCfg = Debug|Any CPU
		{1483551D-43E6-4998-94BA-637B61D255A0}.Debug|ARM.Build.0 = Debug|Any CPU
		{1483551D-43E6-4998-94BA-637B61D255A0}.Debug|x64.ActiveCfg = Debug|Any CPU
		{1483551D-43E6-4998-94BA-637B61D255A0}.Debug|x64.Build.0 = Debug|Any CPU
		{1483551D-43E6-4998-94BA-637B61D255A0}.Debug|x86.ActiveCfg = Debug|Any CPU
		{1483551D-43E6-4998-94BA-637B61D255A0}.Debug|x86.Build.0 = Debug|Any CPU
		{1483551D-43E6-4998-94BA-637B61D255A0}.Release|Any CPU.ActiveCfg = Release|Any CPU
		{1483551D-43E6-4998-94BA-637B61D255A0}.Release|Any CPU.Build.0 = Release|Any CPU
		{1483551D-43E6-4998-94BA-637B61D255A0}.Release|ARM.ActiveCfg = Release|Any CPU
		{1483551D-43E6-4998-94BA-637B61D255A0}.Release|ARM.Build.0 = Release|Any CPU
		{1483551D-43E6-4998-94BA-637B61D255A0}.Release|x64.ActiveCfg = Release|Any CPU
		{1483551D-43E6-4998-94BA-637B61D255A0}.Release|x64.Build.0 = Release|Any CPU
		{1483551D-43E6-4998-94BA-637B61D255A0}.Release|x86.ActiveCfg = Release|Any CPU
		{1483551D-43E6-4998-94BA-637B61D255A0}.Release|x86.Build.0 = Release|Any CPU
		{FB6C002D-21C9-454B-86CB-96965EE33E21}.Debug|Any CPU.ActiveCfg = Debug|Any CPU
		{FB6C002D-21C9-454B-86CB-96965EE33E21}.Debug|Any CPU.Build.0 = Debug|Any CPU
		{FB6C002D-21C9-454B-86CB-96965EE33E21}.Debug|ARM.ActiveCfg = Debug|Any CPU
		{FB6C002D-21C9-454B-86CB-96965EE33E21}.Debug|ARM.Build.0 = Debug|Any CPU
		{FB6C002D-21C9-454B-86CB-96965EE33E21}.Debug|x64.ActiveCfg = Debug|Any CPU
		{FB6C002D-21C9-454B-86CB-96965EE33E21}.Debug|x64.Build.0 = Debug|Any CPU
		{FB6C002D-21C9-454B-86CB-96965EE33E21}.Debug|x86.ActiveCfg = Debug|Any CPU
		{FB6C002D-21C9-454B-86CB-96965EE33E21}.Debug|x86.Build.0 = Debug|Any CPU
		{FB6C002D-21C9-454B-86CB-96965EE33E21}.Release|Any CPU.ActiveCfg = Release|Any CPU
		{FB6C002D-21C9-454B-86CB-96965EE33E21}.Release|Any CPU.Build.0 = Release|Any CPU
		{FB6C002D-21C9-454B-86CB-96965EE33E21}.Release|ARM.ActiveCfg = Release|Any CPU
		{FB6C002D-21C9-454B-86CB-96965EE33E21}.Release|ARM.Build.0 = Release|Any CPU
		{FB6C002D-21C9-454B-86CB-96965EE33E21}.Release|x64.ActiveCfg = Release|Any CPU
		{FB6C002D-21C9-454B-86CB-96965EE33E21}.Release|x64.Build.0 = Release|Any CPU
		{FB6C002D-21C9-454B-86CB-96965EE33E21}.Release|x86.ActiveCfg = Release|Any CPU
		{FB6C002D-21C9-454B-86CB-96965EE33E21}.Release|x86.Build.0 = Release|Any CPU
		{04F55E2E-984E-49EA-90F9-B86102B73802}.Debug|Any CPU.ActiveCfg = Debug|x86
		{04F55E2E-984E-49EA-90F9-B86102B73802}.Debug|Any CPU.Build.0 = Debug|x86
		{04F55E2E-984E-49EA-90F9-B86102B73802}.Debug|Any CPU.Deploy.0 = Debug|x86
		{04F55E2E-984E-49EA-90F9-B86102B73802}.Debug|ARM.ActiveCfg = Debug|ARM
		{04F55E2E-984E-49EA-90F9-B86102B73802}.Debug|ARM.Build.0 = Debug|ARM
		{04F55E2E-984E-49EA-90F9-B86102B73802}.Debug|ARM.Deploy.0 = Debug|ARM
		{04F55E2E-984E-49EA-90F9-B86102B73802}.Debug|x64.ActiveCfg = Debug|x64
		{04F55E2E-984E-49EA-90F9-B86102B73802}.Debug|x64.Build.0 = Debug|x64
		{04F55E2E-984E-49EA-90F9-B86102B73802}.Debug|x64.Deploy.0 = Debug|x64
		{04F55E2E-984E-49EA-90F9-B86102B73802}.Debug|x86.ActiveCfg = Debug|x86
		{04F55E2E-984E-49EA-90F9-B86102B73802}.Debug|x86.Build.0 = Debug|x86
		{04F55E2E-984E-49EA-90F9-B86102B73802}.Debug|x86.Deploy.0 = Debug|x86
		{04F55E2E-984E-49EA-90F9-B86102B73802}.Release|Any CPU.ActiveCfg = Release|x86
		{04F55E2E-984E-49EA-90F9-B86102B73802}.Release|ARM.ActiveCfg = Release|ARM
		{04F55E2E-984E-49EA-90F9-B86102B73802}.Release|ARM.Build.0 = Release|ARM
		{04F55E2E-984E-49EA-90F9-B86102B73802}.Release|ARM.Deploy.0 = Release|ARM
		{04F55E2E-984E-49EA-90F9-B86102B73802}.Release|x64.ActiveCfg = Release|x64
		{04F55E2E-984E-49EA-90F9-B86102B73802}.Release|x64.Build.0 = Release|x64
		{04F55E2E-984E-49EA-90F9-B86102B73802}.Release|x64.Deploy.0 = Release|x64
		{04F55E2E-984E-49EA-90F9-B86102B73802}.Release|x86.ActiveCfg = Release|x86
		{04F55E2E-984E-49EA-90F9-B86102B73802}.Release|x86.Build.0 = Release|x86
		{04F55E2E-984E-49EA-90F9-B86102B73802}.Release|x86.Deploy.0 = Release|x86
	EndGlobalSection
	GlobalSection(SolutionProperties) = preSolution
		HideSolutionNode = FALSE
	EndGlobalSection
	GlobalSection(NestedProjects) = preSolution
		{CC2CA951-08A2-4B81-AB20-E323309901EA} = {B7F0B518-F261-45F6-B0F9-0C65C3B65A89}
		{E6352557-80F7-44C0-90B4-44321DCA27B5} = {397E9409-0B9E-48FF-9308-F6CEBBE2C7E3}
		{19193EF3-CDD8-46AD-9623-1CF864144B30} = {397E9409-0B9E-48FF-9308-F6CEBBE2C7E3}
		{C7C1453D-668E-465F-973A-4D6F4A52181F} = {397E9409-0B9E-48FF-9308-F6CEBBE2C7E3}
		{0DED504F-5E6F-400C-9EB1-E99A9B55D8B4} = {247EB8E9-6663-46FB-B03E-FB88DEE3E86F}
		{0D31F8CF-7754-4224-997A-8AFFBE3FE44B} = {247EB8E9-6663-46FB-B03E-FB88DEE3E86F}
		{1483551D-43E6-4998-94BA-637B61D255A0} = {247EB8E9-6663-46FB-B03E-FB88DEE3E86F}
		{FB6C002D-21C9-454B-86CB-96965EE33E21} = {247EB8E9-6663-46FB-B03E-FB88DEE3E86F}
		{04F55E2E-984E-49EA-90F9-B86102B73802} = {247EB8E9-6663-46FB-B03E-FB88DEE3E86F}
	EndGlobalSection
	GlobalSection(ExtensibilityGlobals) = postSolution
		SolutionGuid = {1DFA10F6-5888-4C26-8D15-242023BFF25C}
	EndGlobalSection
EndGlobal
